
Microsoft Visual Studio Solution File, Format Version 12.00
# Visual Studio Version 17
VisualStudioVersion = 17.13.35919.96 d17.13
MinimumVisualStudioVersion = 10.0.40219.1
Project("{FAE04EC0-301F-11D3-BF4B-00C04F79EFBC}") = "task5", "task5.csproj", "{A7C6D115-776C-4A40-840D-6251DE6C4A08}"
EndProject
Global
	GlobalSection(SolutionConfigurationPlatforms) = preSolution
		Debug|Any CPU = Debug|Any CPU
		Release|Any CPU = Release|Any CPU
	EndGlobalSection
	GlobalSection(ProjectConfigurationPlatforms) = postSolution
		{A7C6D115-776C-4A40-840D-6251DE6C4A08}.Debug|Any CPU.ActiveCfg = Debug|Any CPU
		{A7C6D115-776C-4A40-840D-6251DE6C4A08}.Debug|Any CPU.Build.0 = Debug|Any CPU
		{A7C6D115-776C-4A40-840D-6251DE6C4A08}.Release|Any CPU.ActiveCfg = Release|Any CPU
		{A7C6D115-776C-4A40-840D-6251DE6C4A08}.Release|Any CPU.Build.0 = Release|Any CPU
	EndGlobalSection
	GlobalSection(SolutionProperties) = preSolution
		HideSolutionNode = FALSE
	EndGlobalSection
	GlobalSection(ExtensibilityGlobals) = postSolution
		SolutionGuid = {0274DB81-373B-4418-83E8-5E5DDDA9E818}
	EndGlobalSection
EndGlobal
